
Microsoft Visual Studio Solution File, Format Version 12.00
# Visual Studio Version 17
VisualStudioVersion = 17.10.35122.118
MinimumVisualStudioVersion = 10.0.40219.1
Project("{FAE04EC0-301F-11D3-BF4B-00C04F79EFBC}") = "PruebaPatrickLisby", "PruebaPatrickLisby.csproj", "{1B29D0F9-4C1B-4EB8-AFBB-AC735DE4450E}"
EndProject
Global
	GlobalSection(SolutionConfigurationPlatforms) = preSolution
		Debug|Any CPU = Debug|Any CPU
		Release|Any CPU = Release|Any CPU
	EndGlobalSection
	GlobalSection(ProjectConfigurationPlatforms) = postSolution
		{1B29D0F9-4C1B-4EB8-AFBB-AC735DE4450E}.Debug|Any CPU.ActiveCfg = Debug|Any CPU
		{1B29D0F9-4C1B-4EB8-AFBB-AC735DE4450E}.Debug|Any CPU.Build.0 = Debug|Any CPU
		{1B29D0F9-4C1B-4EB8-AFBB-AC735DE4450E}.Release|Any CPU.ActiveCfg = Release|Any CPU
		{1B29D0F9-4C1B-4EB8-AFBB-AC735DE4450E}.Release|Any CPU.Build.0 = Release|Any CPU
	EndGlobalSection
	GlobalSection(SolutionProperties) = preSolution
		HideSolutionNode = FALSE
	EndGlobalSection
	GlobalSection(ExtensibilityGlobals) = postSolution
		SolutionGuid = {92FDAC4A-DBA1-4C10-8B3A-BA11A58296F2}
	EndGlobalSection
EndGlobal
